
Microsoft Visual Studio Solution File, Format Version 12.00
# Visual Studio Version 16
VisualStudioVersion = 16.0.31424.327
MinimumVisualStudioVersion = 10.0.40219.1
Project("{FAE04EC0-301F-11D3-BF4B-00C04F79EFBC}") = "Test4", "Test4.csproj", "{D1E98AF9-91EB-4CD1-8020-1DDFF6E09648}"
EndProject
Global
	GlobalSection(SolutionConfigurationPlatforms) = preSolution
		Debug|Any CPU = Debug|Any CPU
		Release|Any CPU = Release|Any CPU
	EndGlobalSection
	GlobalSection(ProjectConfigurationPlatforms) = postSolution
		{D1E98AF9-91EB-4CD1-8020-1DDFF6E09648}.Debug|Any CPU.ActiveCfg = Debug|Any CPU
		{D1E98AF9-91EB-4CD1-8020-1DDFF6E09648}.Debug|Any CPU.Build.0 = Debug|Any CPU
		{D1E98AF9-91EB-4CD1-8020-1DDFF6E09648}.Release|Any CPU.ActiveCfg = Release|Any CPU
		{D1E98AF9-91EB-4CD1-8020-1DDFF6E09648}.Release|Any CPU.Build.0 = Release|Any CPU
	EndGlobalSection
	GlobalSection(SolutionProperties) = preSolution
		HideSolutionNode = FALSE
	EndGlobalSection
	GlobalSection(ExtensibilityGlobals) = postSolution
		SolutionGuid = {88213E42-7363-43DE-961E-58DAC36D9D05}
	EndGlobalSection
EndGlobal
